
Microsoft Visual Studio Solution File, Format Version 12.00
# Visual Studio 14
VisualStudioVersion = 14.0.25420.1
MinimumVisualStudioVersion = 10.0.40219.1
Project("{FAE04EC0-301F-11D3-BF4B-00C04F79EFBC}") = "Certificação", "Certificação\Certificação.csproj", "{BF025B4F-FF61-4220-8411-D5635E84210B}"
EndProject
Global
	GlobalSection(SolutionConfigurationPlatforms) = preSolution
		Debug|Any CPU = Debug|Any CPU
		Release|Any CPU = Release|Any CPU
	EndGlobalSection
	GlobalSection(ProjectConfigurationPlatforms) = postSolution
		{BF025B4F-FF61-4220-8411-D5635E84210B}.Debug|Any CPU.ActiveCfg = Debug|Any CPU
		{BF025B4F-FF61-4220-8411-D5635E84210B}.Debug|Any CPU.Build.0 = Debug|Any CPU
		{BF025B4F-FF61-4220-8411-D5635E84210B}.Release|Any CPU.ActiveCfg = Release|Any CPU
		{BF025B4F-FF61-4220-8411-D5635E84210B}.Release|Any CPU.Build.0 = Release|Any CPU
	EndGlobalSection
	GlobalSection(SolutionProperties) = preSolution
		HideSolutionNode = FALSE
	EndGlobalSection
EndGlobal
